// !$*UTF8*$!
{
	archiveVersion = 1;
	classes = {
	};
	objectVersion = 50;
	objects = {

/* Begin PBXBuildFile section */
		1445069A26B036BD00377400 /* AppDelegate.swift in Sources */ = {isa = PBXBuildFile; fileRef = 1445069926B036BD00377400 /* AppDelegate.swift */; };
		1445069C26B036BD00377400 /* SceneDelegate.swift in Sources */ = {isa = PBXBuildFile; fileRef = 1445069B26B036BD00377400 /* SceneDelegate.swift */; };
		144506A326B036BD00377400 /* Assets.xcassets in Resources */ = {isa = PBXBuildFile; fileRef = 144506A226B036BD00377400 /* Assets.xcassets */; };
		14A643D226B2E05D00487DEC /* MainViewController.swift in Sources */ = {isa = PBXBuildFile; fileRef = 14A643D126B2E05D00487DEC /* MainViewController.swift */; };
		14A643D426B2E09700487DEC /* HomeTableViewController.swift in Sources */ = {isa = PBXBuildFile; fileRef = 14A643D326B2E09700487DEC /* HomeTableViewController.swift */; };
		14A643D626B2E0AC00487DEC /* DiscoverTableViewController.swift in Sources */ = {isa = PBXBuildFile; fileRef = 14A643D526B2E0AC00487DEC /* DiscoverTableViewController.swift */; };
		14A643D826B2E0B800487DEC /* MessageTableViewController.swift in Sources */ = {isa = PBXBuildFile; fileRef = 14A643D726B2E0B800487DEC /* MessageTableViewController.swift */; };
		14A643DA26B2E0D400487DEC /* ProfileTableViewController.swift in Sources */ = {isa = PBXBuildFile; fileRef = 14A643D926B2E0D400487DEC /* ProfileTableViewController.swift */; };
/* End PBXBuildFile section */

/* Begin PBXFileReference section */
		1445069626B036BD00377400 /* xinlangWeibo_swift.app */ = {isa = PBXFileReference; explicitFileType = wrapper.application; includeInIndex = 0; path = xinlangWeibo_swift.app; sourceTree = BUILT_PRODUCTS_DIR; };
		1445069926B036BD00377400 /* AppDelegate.swift */ = {isa = PBXFileReference; lastKnownFileType = sourcecode.swift; path = AppDelegate.swift; sourceTree = "<group>"; };
		1445069B26B036BD00377400 /* SceneDelegate.swift */ = {isa = PBXFileReference; lastKnownFileType = sourcecode.swift; path = SceneDelegate.swift; sourceTree = "<group>"; };
		144506A226B036BD00377400 /* Assets.xcassets */ = {isa = PBXFileReference; lastKnownFileType = folder.assetcatalog; path = Assets.xcassets; sourceTree = "<group>"; };
		144506A726B036BD00377400 /* Info.plist */ = {isa = PBXFileReference; lastKnownFileType = text.plist.xml; path = Info.plist; sourceTree = "<group>"; };
		14A643D126B2E05D00487DEC /* MainViewController.swift */ = {isa = PBXFileReference; lastKnownFileType = sourcecode.swift; path = MainViewController.swift; sourceTree = "<group>"; };
		14A643D326B2E09700487DEC /* HomeTableViewController.swift */ = {isa = PBXFileReference; lastKnownFileType = sourcecode.swift; path = HomeTableViewController.swift; sourceTree = "<group>"; };
		14A643D526B2E0AC00487DEC /* DiscoverTableViewController.swift */ = {isa = PBXFileReference; lastKnownFileType = sourcecode.swift; path = DiscoverTableViewController.swift; sourceTree = "<group>"; };
		14A643D726B2E0B800487DEC /* MessageTableViewController.swift */ = {isa = PBXFileReference; lastKnownFileType = sourcecode.swift; path = MessageTableViewController.swift; sourceTree = "<group>"; };
		14A643D926B2E0D400487DEC /* ProfileTableViewController.swift */ = {isa = PBXFileReference; lastKnownFileType = sourcecode.swift; path = ProfileTableViewController.swift; sourceTree = "<group>"; };
/* End PBXFileReference section */

/* Begin PBXFrameworksBuildPhase section */
		1445069326B036BC00377400 /* Frameworks */ = {
			isa = PBXFrameworksBuildPhase;
			buildActionMask = 2147483647;
			files = (
			);
			runOnlyForDeploymentPostprocessing = 0;
		};
/* End PBXFrameworksBuildPhase section */

/* Begin PBXGroup section */
		1445068D26B036BC00377400 = {
			isa = PBXGroup;
			children = (
				1445069826B036BD00377400 /* xinlangWeibo_swift */,
				1445069726B036BD00377400 /* Products */,
			);
			sourceTree = "<group>";
		};
		1445069726B036BD00377400 /* Products */ = {
			isa = PBXGroup;
			children = (
				1445069626B036BD00377400 /* xinlangWeibo_swift.app */,
			);
			name = Products;
			sourceTree = "<group>";
		};
		1445069826B036BD00377400 /* xinlangWeibo_swift */ = {
			isa = PBXGroup;
			children = (
				14A643D026B2DB4F00487DEC /* Supporting Files */,
				14A643C526B2DAE900487DEC /* Classes */,
			);
			path = xinlangWeibo_swift;
			sourceTree = "<group>";
		};
		14A643C526B2DAE900487DEC /* Classes */ = {
			isa = PBXGroup;
			children = (
				14A643C626B2DAE900487DEC /* ViewModels */,
				14A643C726B2DAE900487DEC /* Tools */,
				14A643C826B2DAE900487DEC /* Models */,
				14A643C926B2DAE900487DEC /* Lib */,
				14A643CA26B2DAE900487DEC /* Views */,
			);
			path = Classes;
			sourceTree = "<group>";
		};
		14A643C626B2DAE900487DEC /* ViewModels */ = {
			isa = PBXGroup;
			children = (
			);
			path = ViewModels;
			sourceTree = "<group>";
		};
		14A643C726B2DAE900487DEC /* Tools */ = {
			isa = PBXGroup;
			children = (
			);
			path = Tools;
			sourceTree = "<group>";
		};
		14A643C826B2DAE900487DEC /* Models */ = {
			isa = PBXGroup;
			children = (
			);
			path = Models;
			sourceTree = "<group>";
		};
		14A643C926B2DAE900487DEC /* Lib */ = {
			isa = PBXGroup;
			children = (
			);
			path = Lib;
			sourceTree = "<group>";
		};
		14A643CA26B2DAE900487DEC /* Views */ = {
			isa = PBXGroup;
			children = (
				14A643CB26B2DAE900487DEC /* Home */,
				14A643CC26B2DAE900487DEC /* Discover */,
				14A643CD26B2DAE900487DEC /* Message */,
				14A643CE26B2DAE900487DEC /* Profile */,
				14A643CF26B2DAE900487DEC /* Main */,
			);
			path = Views;
			sourceTree = "<group>";
		};
		14A643CB26B2DAE900487DEC /* Home */ = {
			isa = PBXGroup;
			children = (
				14A643D326B2E09700487DEC /* HomeTableViewController.swift */,
			);
			path = Home;
			sourceTree = "<group>";
		};
		14A643CC26B2DAE900487DEC /* Discover */ = {
			isa = PBXGroup;
			children = (
				14A643D526B2E0AC00487DEC /* DiscoverTableViewController.swift */,
			);
			path = Discover;
			sourceTree = "<group>";
		};
		14A643CD26B2DAE900487DEC /* Message */ = {
			isa = PBXGroup;
			children = (
				14A643D726B2E0B800487DEC /* MessageTableViewController.swift */,
			);
			path = Message;
			sourceTree = "<group>";
		};
		14A643CE26B2DAE900487DEC /* Profile */ = {
			isa = PBXGroup;
			children = (
				14A643D926B2E0D400487DEC /* ProfileTableViewController.swift */,
			);
			path = Profile;
			sourceTree = "<group>";
		};
		14A643CF26B2DAE900487DEC /* Main */ = {
			isa = PBXGroup;
			children = (
				14A643D126B2E05D00487DEC /* MainViewController.swift */,
			);
			path = Main;
			sourceTree = "<group>";
		};
		14A643D026B2DB4F00487DEC /* Supporting Files */ = {
			isa = PBXGroup;
			children = (
				1445069926B036BD00377400 /* AppDelegate.swift */,
				1445069B26B036BD00377400 /* SceneDelegate.swift */,
				144506A226B036BD00377400 /* Assets.xcassets */,
				144506A726B036BD00377400 /* Info.plist */,
			);
			name = "Supporting Files";
			sourceTree = "<group>";
		};
/* End PBXGroup section */

/* Begin PBXNativeTarget section */
		1445069526B036BC00377400 /* xinlangWeibo_swift */ = {
			isa = PBXNativeTarget;
			buildConfigurationList = 144506AA26B036BD00377400 /* Build configuration list for PBXNativeTarget "xinlangWeibo_swift" */;
			buildPhases = (
				1445069226B036BC00377400 /* Sources */,
				1445069326B036BC00377400 /* Frameworks */,
				1445069426B036BC00377400 /* Resources */,
			);
			buildRules = (
			);
			dependencies = (
			);
			name = xinlangWeibo_swift;
			productName = xinlangWeibo_swift;
			productReference = 1445069626B036BD00377400 /* xinlangWeibo_swift.app */;
			productType = "com.apple.product-type.application";
		};
/* End PBXNativeTarget section */

/* Begin PBXProject section */
		1445068E26B036BC00377400 /* Project object */ = {
			isa = PBXProject;
			attributes = {
				LastSwiftUpdateCheck = 1250;
				LastUpgradeCheck = 1250;
				TargetAttributes = {
					1445069526B036BC00377400 = {
						CreatedOnToolsVersion = 12.5.1;
					};
				};
			};
			buildConfigurationList = 1445069126B036BC00377400 /* Build configuration list for PBXProject "xinlangWeibo_swift" */;
			compatibilityVersion = "Xcode 9.3";
			developmentRegion = en;
			hasScannedForEncodings = 0;
			knownRegions = (
				en,
				Base,
			);
			mainGroup = 1445068D26B036BC00377400;
			productRefGroup = 1445069726B036BD00377400 /* Products */;
			projectDirPath = "";
			projectRoot = "";
			targets = (
				1445069526B036BC00377400 /* xinlangWeibo_swift */,
			);
		};
/* End PBXProject section */

/* Begin PBXResourcesBuildPhase section */
		1445069426B036BC00377400 /* Resources */ = {
			isa = PBXResourcesBuildPhase;
			buildActionMask = 2147483647;
			files = (
				144506A326B036BD00377400 /* Assets.xcassets in Resources */,
			);
			runOnlyForDeploymentPostprocessing = 0;
		};
/* End PBXResourcesBuildPhase section */

/* Begin PBXSourcesBuildPhase section */
		1445069226B036BC00377400 /* Sources */ = {
			isa = PBXSourcesBuildPhase;
			buildActionMask = 2147483647;
			files = (
				14A643DA26B2E0D400487DEC /* ProfileTableViewController.swift in Sources */,
				14A643D426B2E09700487DEC /* HomeTableViewController.swift in Sources */,
				14A643D226B2E05D00487DEC /* MainViewController.swift in Sources */,
				1445069A26B036BD00377400 /* AppDelegate.swift in Sources */,
				14A643D626B2E0AC00487DEC /* DiscoverTableViewController.swift in Sources */,
				14A643D826B2E0B800487DEC /* MessageTableViewController.swift in Sources */,
				1445069C26B036BD00377400 /* SceneDelegate.swift in Sources */,
			);
			runOnlyForDeploymentPostprocessing = 0;
		};
/* End PBXSourcesBuildPhase section */

/* Begin XCBuildConfiguration section */
		144506A826B036BD00377400 /* Debug */ = {
			isa = XCBuildConfiguration;
			buildSettings = {
				ALWAYS_SEARCH_USER_PATHS = NO;
				CLANG_ANALYZER_NONNULL = YES;
				CLANG_ANALYZER_NUMBER_OBJECT_CONVERSION = YES_AGGRESSIVE;
				CLANG_CXX_LANGUAGE_STANDARD = "gnu++14";
				CLANG_CXX_LIBRARY = "libc++";
				CLANG_ENABLE_MODULES = YES;
				CLANG_ENABLE_OBJC_ARC = YES;
				CLANG_ENABLE_OBJC_WEAK = YES;
				CLANG_WARN_BLOCK_CAPTURE_AUTORELEASING = YES;
				CLANG_WARN_BOOL_CONVERSION = YES;
				CLANG_WARN_COMMA = YES;
				CLANG_WARN_CONSTANT_CONVERSION = YES;
				CLANG_WARN_DEPRECATED_OBJC_IMPLEMENTATIONS = YES;
				CLANG_WARN_DIRECT_OBJC_ISA_USAGE = YES_ERROR;
				CLANG_WARN_DOCUMENTATION_COMMENTS = YES;
				CLANG_WARN_EMPTY_BODY = YES;
				CLANG_WARN_ENUM_CONVERSION = YES;
				CLANG_WARN_INFINITE_RECURSION = YES;
				CLANG_WARN_INT_CONVERSION = YES;
				CLANG_WARN_NON_LITERAL_NULL_CONVERSION = YES;
				CLANG_WARN_OBJC_IMPLICIT_RETAIN_SELF = YES;
				CLANG_WARN_OBJC_LITERAL_CONVERSION = YES;
				CLANG_WARN_OBJC_ROOT_CLASS = YES_ERROR;
				CLANG_WARN_QUOTED_INCLUDE_IN_FRAMEWORK_HEADER = YES;
				CLANG_WARN_RANGE_LOOP_ANALYSIS = YES;
				CLANG_WARN_STRICT_PROTOTYPES = YES;
				CLANG_WARN_SUSPICIOUS_MOVE = YES;
				CLANG_WARN_UNGUARDED_AVAILABILITY = YES_AGGRESSIVE;
				CLANG_WARN_UNREACHABLE_CODE = YES;
				CLANG_WARN__DUPLICATE_METHOD_MATCH = YES;
				COPY_PHASE_STRIP = NO;
				DEBUG_INFORMATION_FORMAT = dwarf;
				ENABLE_STRICT_OBJC_MSGSEND = YES;
				ENABLE_TESTABILITY = YES;
				GCC_C_LANGUAGE_STANDARD = gnu11;
				GCC_DYNAMIC_NO_PIC = NO;
				GCC_NO_COMMON_BLOCKS = YES;
				GCC_OPTIMIZATION_LEVEL = 0;
				GCC_PREPROCESSOR_DEFINITIONS = (
					"DEBUG=1",
					"$(inherited)",
				);
				GCC_WARN_64_TO_32_BIT_CONVERSION = YES;
				GCC_WARN_ABOUT_RETURN_TYPE = YES_ERROR;
				GCC_WARN_UNDECLARED_SELECTOR = YES;
				GCC_WARN_UNINITIALIZED_AUTOS = YES_AGGRESSIVE;
				GCC_WARN_UNUSED_FUNCTION = YES;
				GCC_WARN_UNUSED_VARIABLE = YES;
				IPHONEOS_DEPLOYMENT_TARGET = 14.5;
				MTL_ENABLE_DEBUG_INFO = INCLUDE_SOURCE;
				MTL_FAST_MATH = YES;
				ONLY_ACTIVE_ARCH = YES;
				SDKROOT = iphoneos;
				SWIFT_ACTIVE_COMPILATION_CONDITIONS = DEBUG;
				SWIFT_OPTIMIZATION_LEVEL = "-Onone";
			};
			name = Debug;
		};
		144506A926B036BD00377400 /* Release */ = {
			isa = XCBuildConfiguration;
			buildSettings = {
				ALWAYS_SEARCH_USER_PATHS = NO;
				CLANG_ANALYZER_NONNULL = YES;
				CLANG_ANALYZER_NUMBER_OBJECT_CONVERSION = YES_AGGRESSIVE;
				CLANG_CXX_LANGUAGE_STANDARD = "gnu++14";
				CLANG_CXX_LIBRARY = "libc++";
				CLANG_ENABLE_MODULES = YES;
				CLANG_ENABLE_OBJC_ARC = YES;
				CLANG_ENABLE_OBJC_WEAK = YES;
				CLANG_WARN_BLOCK_CAPTURE_AUTORELEASING = YES;
				CLANG_WARN_BOOL_CONVERSION = YES;
				CLANG_WARN_COMMA = YES;
				CLANG_WARN_CONSTANT_CONVERSION = YES;
				CLANG_WARN_DEPRECATED_OBJC_IMPLEMENTATIONS = YES;
				CLANG_WARN_DIRECT_OBJC_ISA_USAGE = YES_ERROR;
				CLANG_WARN_DOCUMENTATION_COMMENTS = YES;
				CLANG_WARN_EMPTY_BODY = YES;
				CLANG_WARN_ENUM_CONVERSION = YES;
				CLANG_WARN_INFINITE_RECURSION = YES;
				CLANG_WARN_INT_CONVERSION = YES;
				CLANG_WARN_NON_LITERAL_NULL_CONVERSION = YES;
				CLANG_WARN_OBJC_IMPLICIT_RETAIN_SELF = YES;
				CLANG_WARN_OBJC_LITERAL_CONVERSION = YES;
				CLANG_WARN_OBJC_ROOT_CLASS = YES_ERROR;
				CLANG_WARN_QUOTED_INCLUDE_IN_FRAMEWORK_HEADER = YES;
				CLANG_WARN_RANGE_LOOP_ANALYSIS = YES;
				CLANG_WARN_STRICT_PROTOTYPES = YES;
				CLANG_WARN_SUSPICIOUS_MOVE = YES;
				CLANG_WARN_UNGUARDED_AVAILABILITY = YES_AGGRESSIVE;
				CLANG_WARN_UNREACHABLE_CODE = YES;
				CLANG_WARN__DUPLICATE_METHOD_MATCH = YES;
				COPY_PHASE_STRIP = NO;
				DEBUG_INFORMATION_FORMAT = "dwarf-with-dsym";
				ENABLE_NS_ASSERTIONS = NO;
				ENABLE_STRICT_OBJC_MSGSEND = YES;
				GCC_C_LANGUAGE_STANDARD = gnu11;
				GCC_NO_COMMON_BLOCKS = YES;
				GCC_WARN_64_TO_32_BIT_CONVERSION = YES;
				GCC_WARN_ABOUT_RETURN_TYPE = YES_ERROR;
				GCC_WARN_UNDECLARED_SELECTOR = YES;
				GCC_WARN_UNINITIALIZED_AUTOS = YES_AGGRESSIVE;
				GCC_WARN_UNUSED_FUNCTION = YES;
				GCC_WARN_UNUSED_VARIABLE = YES;
				IPHONEOS_DEPLOYMENT_TARGET = 14.5;
				MTL_ENABLE_DEBUG_INFO = NO;
				MTL_FAST_MATH = YES;
				SDKROOT = iphoneos;
				SWIFT_COMPILATION_MODE = wholemodule;
				SWIFT_OPTIMIZATION_LEVEL = "-O";
				VALIDATE_PRODUCT = YES;
			};
			name = Release;
		};
		144506AB26B036BD00377400 /* Debug */ = {
			isa = XCBuildConfiguration;
			buildSettings = {
				ASSETCATALOG_COMPILER_APPICON_NAME = AppIcon;
				ASSETCATALOG_COMPILER_GLOBAL_ACCENT_COLOR_NAME = AccentColor;
				CODE_SIGN_IDENTITY = "Apple Development";
				CODE_SIGN_STYLE = Automatic;
				DEVELOPMENT_TEAM = "";
				INFOPLIST_FILE = xinlangWeibo_swift/Info.plist;
				LD_RUNPATH_SEARCH_PATHS = (
					"$(inherited)",
					"@executable_path/Frameworks",
				);
				PRODUCT_BUNDLE_IDENTIFIER = "com.taipingTangyuan.xinlangWeibo-swift";
				PRODUCT_NAME = "$(TARGET_NAME)";
				PROVISIONING_PROFILE_SPECIFIER = "";
				SWIFT_VERSION = 5.0;
				TARGETED_DEVICE_FAMILY = "1,2";
			};
			name = Debug;
		};
		144506AC26B036BD00377400 /* Release */ = {
			isa = XCBuildConfiguration;
			buildSettings = {
				ASSETCATALOG_COMPILER_APPICON_NAME = AppIcon;
				ASSETCATALOG_COMPILER_GLOBAL_ACCENT_COLOR_NAME = AccentColor;
				CODE_SIGN_IDENTITY = "Apple Development";
				CODE_SIGN_STYLE = Automatic;
				DEVELOPMENT_TEAM = "";
				INFOPLIST_FILE = xinlangWeibo_swift/Info.plist;
				LD_RUNPATH_SEARCH_PATHS = (
					"$(inherited)",
					"@executable_path/Frameworks",
				);
				PRODUCT_BUNDLE_IDENTIFIER = "com.taipingTangyuan.xinlangWeibo-swift";
				PRODUCT_NAME = "$(TARGET_NAME)";
				PROVISIONING_PROFILE_SPECIFIER = "";
				SWIFT_VERSION = 5.0;
				TARGETED_DEVICE_FAMILY = "1,2";
			};
			name = Release;
		};
/* End XCBuildConfiguration section */

/* Begin XCConfigurationList section */
		1445069126B036BC00377400 /* Build configuration list for PBXProject "xinlangWeibo_swift" */ = {
			isa = XCConfigurationList;
			buildConfigurations = (
				144506A826B036BD00377400 /* Debug */,
				144506A926B036BD00377400 /* Release */,
			);
			defaultConfigurationIsVisible = 0;
			defaultConfigurationName = Release;
		};
		144506AA26B036BD00377400 /* Build configuration list for PBXNativeTarget "xinlangWeibo_swift" */ = {
			isa = XCConfigurationList;
			buildConfigurations = (
				144506AB26B036BD00377400 /* Debug */,
				144506AC26B036BD00377400 /* Release */,
			);
			defaultConfigurationIsVisible = 0;
			defaultConfigurationName = Release;
		};
/* End XCConfigurationList section */
	};
	rootObject = 1445068E26B036BC00377400 /* Project object */;
}
